// !$*UTF8*$!
{
	archiveVersion = 1;
	classes = {
	};
	objectVersion = 43;
	objects = {

/* Begin PBXAggregateTarget section */
		BC2D95AA07208D1E00EC88EB /* WOTest documentation */ = {
			isa = PBXAggregateTarget;
			buildConfigurationList = BCA93DDB0855D6B300FE8D18 /* Build configuration list for PBXAggregateTarget "WOTest documentation" */;
			buildPhases = (
				BC2D95A907208D1E00EC88EB /* Run Script (Doxygen) */,
			);
			dependencies = (
			);
			name = "WOTest documentation";
			productName = "WOTest documentation";
		};
		BC90BC9B09AF9F2700AAF708 /* Update WOTest build number */ = {
			isa = PBXAggregateTarget;
			buildConfigurationList = BC90BCA209AF9F6000AAF708 /* Build configuration list for PBXAggregateTarget "Update WOTest build number" */;
			buildPhases = (
				BC90BC9A09AF9F2700AAF708 /* ShellScript */,
			);
			dependencies = (
			);
			name = "Update WOTest build number";
			productName = "Update WOTest build number";
		};
		BCC4D43A09D1ABE800C350C8 /* Update WOTestRunner build number */ = {
			isa = PBXAggregateTarget;
			buildConfigurationList = BCC4D44409D1AC4D00C350C8 /* Build configuration list for PBXAggregateTarget "Update WOTestRunner build number" */;
			buildPhases = (
				BCC4D43D09D1ABFC00C350C8 /* ShellScript */,
			);
			dependencies = (
			);
			name = "Update WOTestRunner build number";
			productName = "Update WOTestRunner build number";
		};
		BCD155A00A961929005B1950 /* Copy headers */ = {
			isa = PBXAggregateTarget;
			buildConfigurationList = BCD155CB0A96196E005B1950 /* Build configuration list for PBXAggregateTarget "Copy headers" */;
			buildPhases = (
				BCD155A10A961938005B1950 /* CopyFiles */,
			);
			dependencies = (
			);
			name = "Copy headers";
			productName = "Copy headers";
		};
		BCF8EE5609AF3E730095BCD2 /* WOTest + Tests */ = {
			isa = PBXAggregateTarget;
			buildConfigurationList = BCF8EE5C09AF3EA20095BCD2 /* Build configuration list for PBXAggregateTarget "WOTest + Tests" */;
			buildPhases = (
				BCF8F09C09AF598B0095BCD2 /* CopyFiles */,
				BCF8EE7E09AF40190095BCD2 /* Run Script (packaging) */,
			);
			dependencies = (
				BCF8EE5909AF3E7B0095BCD2 /* PBXTargetDependency */,
				BCF8F0A309AF5A1F0095BCD2 /* PBXTargetDependency */,
			);
			name = "WOTest + Tests";
			productName = "WOTest + Tests";
		};
		BCF8F0DA09AF5D130095BCD2 /* WOTest + Tests (run) */ = {
			isa = PBXAggregateTarget;
			buildConfigurationList = BCF8F0E309AF5D130095BCD2 /* Build configuration list for PBXAggregateTarget "WOTest + Tests (run)" */;
			buildPhases = (
				BCF8F0E209AF5D130095BCD2 /* Run Script (unit tests) */,
			);
			dependencies = (
				BCF8F0E809AF5D4F0095BCD2 /* PBXTargetDependency */,
			);
			name = "WOTest + Tests (run)";
			productName = "WOTest + Tests";
		};
/* End PBXAggregateTarget section */

/* Begin PBXBuildFile section */
		BC1A6966085C5002004E0E61 /* NSObject+WOTest.m in Sources */ = {isa = PBXBuildFile; fileRef = BC1A6962085C5002004E0E61 /* NSObject+WOTest.m */; };
		BC1A6AA3085C76BF004E0E61 /* NSScanner+WOTest.m in Sources */ = {isa = PBXBuildFile; fileRef = BC1A6A9F085C76BF004E0E61 /* NSScanner+WOTest.m */; };
		BC270FAC0B12006400DB23C6 /* WOTestLowLevelException.m in Sources */ = {isa = PBXBuildFile; fileRef = BC270FAA0B12006400DB23C6 /* WOTestLowLevelException.m */; };
		BC27ABB6099146B3002AF128 /* NSScannerTests.m in Sources */ = {isa = PBXBuildFile; fileRef = BC27ABB5099146B3002AF128 /* NSScannerTests.m */; };
		BC30806109A0B50900849045 /* LICENSE.txt in Copy Notes */ = {isa = PBXBuildFile; fileRef = BC30805D09A0B4BC00849045 /* LICENSE.txt */; };
		BC37AD870728730700FDE665 /* WOTestRunner.m in Sources */ = {isa = PBXBuildFile; fileRef = BC37AD84072872FF00FDE665 /* WOTestRunner.m */; };
		BC4495380B19FE3300A1FBD1 /* WOMultithreadedCrashTests.m in Sources */ = {isa = PBXBuildFile; fileRef = BC4495260B19FB5600A1FBD1 /* WOMultithreadedCrashTests.m */; };
		BC497B9D0A86621100728B6C /* WOTestBundleInjector.m in Sources */ = {isa = PBXBuildFile; fileRef = BC497B9B0A86621100728B6C /* WOTestBundleInjector.m */; };
		BC56DDBE071BDDCE00287AF4 /* InfoPlist.strings in Resources */ = {isa = PBXBuildFile; fileRef = 089C1666FE841158C02AAC07 /* InfoPlist.strings */; };
		BC56DDC2071BDDCE00287AF4 /* WOTestClass.m in Sources */ = {isa = PBXBuildFile; fileRef = BC56DD15071B696300287AF4 /* WOTestClass.m */; };
		BC5845130861EDC800B457FE /* WOTest.framework in Frameworks */ = {isa = PBXBuildFile; fileRef = BC56DDC6071BDDCE00287AF4 /* WOTest.framework */; };
		BC59E13809B6391300F9359B /* WincentTestBundle.icns in Copy Bundle Resources */ = {isa = PBXBuildFile; fileRef = BC59E11E09B637C800F9359B /* WincentTestBundle.icns */; };
		BC59E17A09B63B8800F9359B /* RunTests.sh in Resources */ = {isa = PBXBuildFile; fileRef = BC59E17909B63B8800F9359B /* RunTests.sh */; };
		BC5B1165072483FD000A7198 /* NSException+WOTest.m in Sources */ = {isa = PBXBuildFile; fileRef = BC5B1161072483FC000A7198 /* NSException+WOTest.m */; };
		BC74346C0A87680C00FD78DC /* CoreServices.framework in Frameworks */ = {isa = PBXBuildFile; fileRef = BC74346B0A87680C00FD78DC /* CoreServices.framework */; };
		BC921560085E3C8F00940ABF /* WOMock.m in Sources */ = {isa = PBXBuildFile; fileRef = BC92155E085E3C8F00940ABF /* WOMock.m */; };
		BC9215AB085E535B00940ABF /* WOStub.m in Sources */ = {isa = PBXBuildFile; fileRef = BC9215A9085E535B00940ABF /* WOStub.m */; };
		BC9DC00A0721CE8D00610C69 /* INFO.txt in Copy Notes */ = {isa = PBXBuildFile; fileRef = BC9DC0080721CE8D00610C69 /* INFO.txt */; };
		BCA93E110856145B00FE8D18 /* Foundation.framework in Frameworks */ = {isa = PBXBuildFile; fileRef = 0867D69BFE84028FC02AAC07 /* Foundation.framework */; };
		BCA93F45085626D400FE8D18 /* NSString+WOTest.m in Sources */ = {isa = PBXBuildFile; fileRef = BCA93F43085626D400FE8D18 /* NSString+WOTest.m */; };
		BCA940450856742C00FE8D18 /* WOTestSelfTests.m in Sources */ = {isa = PBXBuildFile; fileRef = BC2D95570720724300EC88EB /* WOTestSelfTests.m */; };
		BCA941040857632000FE8D18 /* WOTestRunner in Resources */ = {isa = PBXBuildFile; fileRef = BC37AD75072872CC00FDE665 /* WOTestRunner */; };
		BCA941A00857D26000FE8D18 /* NSValue+WOTest.m in Sources */ = {isa = PBXBuildFile; fileRef = BCA9419E0857D26000FE8D18 /* NSValue+WOTest.m */; };
		BCBB522B099AC9500065D0C5 /* WOStubTests.m in Sources */ = {isa = PBXBuildFile; fileRef = BCBB522A099AC94F0065D0C5 /* WOStubTests.m */; };
		BCBB5657099CACD80065D0C5 /* NSObjectTests.m in Sources */ = {isa = PBXBuildFile; fileRef = BCBB5656099CACD80065D0C5 /* NSObjectTests.m */; };
		BCBB57CE099D223D0065D0C5 /* WOClassMockTests.m in Sources */ = {isa = PBXBuildFile; fileRef = BCBB57CD099D223D0065D0C5 /* WOClassMockTests.m */; };
		BCBB58DD099D2FC20065D0C5 /* WOProtocolMockTests.m in Sources */ = {isa = PBXBuildFile; fileRef = BCBB58DC099D2FC20065D0C5 /* WOProtocolMockTests.m */; };
		BCBB58EF099D31280065D0C5 /* WOObjectMock.m in Sources */ = {isa = PBXBuildFile; fileRef = BCBB58ED099D311B0065D0C5 /* WOObjectMock.m */; };
		BCBB59A5099D38BE0065D0C5 /* WOProtocolStub.m in Sources */ = {isa = PBXBuildFile; fileRef = BCBB59A1099D38BE0065D0C5 /* WOProtocolStub.m */; };
		BCBB59AD099D38EC0065D0C5 /* WOObjectStub.m in Sources */ = {isa = PBXBuildFile; fileRef = BCBB59AB099D38EC0065D0C5 /* WOObjectStub.m */; };
		BCBB5A62099D41D00065D0C5 /* WOObjectStubTests.m in Sources */ = {isa = PBXBuildFile; fileRef = BCBB5A61099D41D00065D0C5 /* WOObjectStubTests.m */; };
		BCBB5A67099D41DB0065D0C5 /* WOProtocolStubTests.m in Sources */ = {isa = PBXBuildFile; fileRef = BCBB5A66099D41DB0065D0C5 /* WOProtocolStubTests.m */; };
		BCBB5B38099D4B050065D0C5 /* WOMockTests.m in Sources */ = {isa = PBXBuildFile; fileRef = BCBB5B37099D4B050065D0C5 /* WOMockTests.m */; };
		BCD155A50A961949005B1950 /* WOTest.h in CopyFiles */ = {isa = PBXBuildFile; fileRef = BC56DCB3071B604100287AF4 /* WOTest.h */; };
		BCD155A60A961949005B1950 /* WOTestClass.h in CopyFiles */ = {isa = PBXBuildFile; fileRef = BC56DD14071B696300287AF4 /* WOTestClass.h */; };
		BCD155A70A961949005B1950 /* NSException+WOTest.h in CopyFiles */ = {isa = PBXBuildFile; fileRef = BC5B1160072483FC000A7198 /* NSException+WOTest.h */; };
		BCD155A80A961949005B1950 /* NSString+WOTest.h in CopyFiles */ = {isa = PBXBuildFile; fileRef = BCA93F42085626D400FE8D18 /* NSString+WOTest.h */; };
		BCD155A90A961949005B1950 /* NSValue+WOTest.h in CopyFiles */ = {isa = PBXBuildFile; fileRef = BCA9419D0857D26000FE8D18 /* NSValue+WOTest.h */; };
		BCD155AA0A961949005B1950 /* NSObject+WOTest.h in CopyFiles */ = {isa = PBXBuildFile; fileRef = BC1A6961085C5002004E0E61 /* NSObject+WOTest.h */; };
		BCD155AB0A961949005B1950 /* NSScanner+WOTest.h in CopyFiles */ = {isa = PBXBuildFile; fileRef = BC1A6A9E085C76BF004E0E61 /* NSScanner+WOTest.h */; };
		BCD155AC0A961949005B1950 /* WOMock.h in CopyFiles */ = {isa = PBXBuildFile; fileRef = BC92155D085E3C8F00940ABF /* WOMock.h */; };
		BCD155AD0A961949005B1950 /* WOStub.h in CopyFiles */ = {isa = PBXBuildFile; fileRef = BC9215A8085E535B00940ABF /* WOStub.h */; };
		BCD155AE0A961949005B1950 /* WOClassMock.h in CopyFiles */ = {isa = PBXBuildFile; fileRef = BCFA316A098BFD8900EEEE22 /* WOClassMock.h */; };
		BCD155AF0A961949005B1950 /* WOProtocolMock.h in CopyFiles */ = {isa = PBXBuildFile; fileRef = BCFA3172098BFD9300EEEE22 /* WOProtocolMock.h */; };
		BCD155B00A961949005B1950 /* WOEnumerate.h in CopyFiles */ = {isa = PBXBuildFile; fileRef = BCFA31DB098C030300EEEE22 /* WOEnumerate.h */; };
		BCD155B10A961949005B1950 /* NSInvocation+WOTest.h in CopyFiles */ = {isa = PBXBuildFile; fileRef = BCFA342A098DB87300EEEE22 /* NSInvocation+WOTest.h */; };
		BCD155B20A961949005B1950 /* NSMethodSignature+WOTest.h in CopyFiles */ = {isa = PBXBuildFile; fileRef = BCFA35CA098E6A0D00EEEE22 /* NSMethodSignature+WOTest.h */; };
		BCD155B30A961949005B1950 /* WOLightweightRoot.h in CopyFiles */ = {isa = PBXBuildFile; fileRef = BCFA3CE0098F9B4800EEEE22 /* WOLightweightRoot.h */; };
		BCD155B40A961949005B1950 /* WOObjectMock.h in CopyFiles */ = {isa = PBXBuildFile; fileRef = BCBB58EC099D311B0065D0C5 /* WOObjectMock.h */; };
		BCD155B50A961949005B1950 /* WOProtocolStub.h in CopyFiles */ = {isa = PBXBuildFile; fileRef = BCBB59A0099D38BE0065D0C5 /* WOProtocolStub.h */; };
		BCD155B60A961949005B1950 /* WOObjectStub.h in CopyFiles */ = {isa = PBXBuildFile; fileRef = BCBB59AA099D38EC0065D0C5 /* WOObjectStub.h */; };
		BCD155B70A961949005B1950 /* WOTest_Version.h in CopyFiles */ = {isa = PBXBuildFile; fileRef = BC30822809A0BF1300849045 /* WOTest_Version.h */; };
		BCD155B80A961949005B1950 /* WOTestBundleInjector.h in CopyFiles */ = {isa = PBXBuildFile; fileRef = BC497B9A0A86621100728B6C /* WOTestBundleInjector.h */; };
		BCD155B90A961949005B1950 /* NSProxy+WOTest.h in CopyFiles */ = {isa = PBXBuildFile; fileRef = BC7CC40D0A8E0A5D00B83673 /* NSProxy+WOTest.h */; };
		BCD155BA0A961949005B1950 /* WOTestMacros.h in CopyFiles */ = {isa = PBXBuildFile; fileRef = BCD1513C0A95F0A5005B1950 /* WOTestMacros.h */; };
		BCF732D00B32D724006E49CB /* WOTestApplicationTestsController.m in Sources */ = {isa = PBXBuildFile; fileRef = BCF732CC0B32D724006E49CB /* WOTestApplicationTestsController.m */; };
		BCF732D10B32D747006E49CB /* WOTestApplicationTestsControllerTests.m in Sources */ = {isa = PBXBuildFile; fileRef = BCF732C90B32D724006E49CB /* WOTestApplicationTestsControllerTests.m */; };
		BCF8EE6209AF3F470095BCD2 /* Foundation.framework in Frameworks */ = {isa = PBXBuildFile; fileRef = 0867D69BFE84028FC02AAC07 /* Foundation.framework */; };
		BCF8EE9009AF41460095BCD2 /* Cocoa.framework in Frameworks */ = {isa = PBXBuildFile; fileRef = 1058C7B1FEA5585E11CA2CBB /* Cocoa.framework */; };
		BCF8F0A709AF5A620095BCD2 /* WOTestSelfTests.bundle in CopyFiles */ = {isa = PBXBuildFile; fileRef = BCA9401808566F4300FE8D18 /* WOTestSelfTests.bundle */; };
		BCFA316D098BFD8900EEEE22 /* WOClassMock.m in Sources */ = {isa = PBXBuildFile; fileRef = BCFA316B098BFD8900EEEE22 /* WOClassMock.m */; };
		BCFA3175098BFD9300EEEE22 /* WOProtocolMock.m in Sources */ = {isa = PBXBuildFile; fileRef = BCFA3173098BFD9300EEEE22 /* WOProtocolMock.m */; };
		BCFA326D098C71D300EEEE22 /* WOObjectMockTests.m in Sources */ = {isa = PBXBuildFile; fileRef = BCFA326C098C71D300EEEE22 /* WOObjectMockTests.m */; };
		BCFA342D098DB87300EEEE22 /* NSInvocation+WOTest.m in Sources */ = {isa = PBXBuildFile; fileRef = BCFA342B098DB87300EEEE22 /* NSInvocation+WOTest.m */; };
		BCFA3446098E25FA00EEEE22 /* NSInvocationTests.m in Sources */ = {isa = PBXBuildFile; fileRef = BCFA3445098E25FA00EEEE22 /* NSInvocationTests.m */; };
		BCFA35CF098E6A0D00EEEE22 /* NSMethodSignature+WOTest.m in Sources */ = {isa = PBXBuildFile; fileRef = BCFA35CB098E6A0D00EEEE22 /* NSMethodSignature+WOTest.m */; };
		BCFA3CE3098F9B4800EEEE22 /* WOLightweightRoot.m in Sources */ = {isa = PBXBuildFile; fileRef = BCFA3CE1098F9B4800EEEE22 /* WOLightweightRoot.m */; };
		BCFA3EA8098FCF9800EEEE22 /* NSValueTests.m in Sources */ = {isa = PBXBuildFile; fileRef = BCFA3EA7098FCF9700EEEE22 /* NSValueTests.m */; };
/* End PBXBuildFile section */

/* Begin PBXContainerItemProxy section */
		BC90BC9C09AF9F3200AAF708 /* PBXContainerItemProxy */ = {
			isa = PBXContainerItemProxy;
			containerPortal = 0867D690FE84028FC02AAC07 /* Project object */;
			proxyType = 1;
			remoteGlobalIDString = BC90BC9B09AF9F2700AAF708;
			remoteInfo = "Update WOTest build number";
		};
		BCA940FD0857627E00FE8D18 /* PBXContainerItemProxy */ = {
			isa = PBXContainerItemProxy;
			containerPortal = 0867D690FE84028FC02AAC07 /* Project object */;
			proxyType = 1;
			remoteGlobalIDString = BC56DDB8071BDDCE00287AF4;
			remoteInfo = "WOTest embeddable";
		};
		BCA941010857630E00FE8D18 /* PBXContainerItemProxy */ = {
			isa = PBXContainerItemProxy;
			containerPortal = 0867D690FE84028FC02AAC07 /* Project object */;
			proxyType = 1;
			remoteGlobalIDString = BC37AD74072872CC00FDE665;
			remoteInfo = WOTestRunner;
		};
		BCC4D44009D1AC1200C350C8 /* PBXContainerItemProxy */ = {
			isa = PBXContainerItemProxy;
			containerPortal = 0867D690FE84028FC02AAC07 /* Project object */;
			proxyType = 1;
			remoteGlobalIDString = BCC4D43A09D1ABE800C350C8;
			remoteInfo = "Update WOTestRunner build number";
		};
		BCF8EE5809AF3E7B0095BCD2 /* PBXContainerItemProxy */ = {
			isa = PBXContainerItemProxy;
			containerPortal = 0867D690FE84028FC02AAC07 /* Project object */;
			proxyType = 1;
			remoteGlobalIDString = BC56DDB8071BDDCE00287AF4;
			remoteInfo = "WOTest embeddable";
		};
		BCF8F0A209AF5A1F0095BCD2 /* PBXContainerItemProxy */ = {
			isa = PBXContainerItemProxy;
			containerPortal = 0867D690FE84028FC02AAC07 /* Project object */;
			proxyType = 1;
			remoteGlobalIDString = BCA9401708566F4300FE8D18;
			remoteInfo = WOTestSelfTests;
		};
		BCF8F0E709AF5D4F0095BCD2 /* PBXContainerItemProxy */ = {
			isa = PBXContainerItemProxy;
			containerPortal = 0867D690FE84028FC02AAC07 /* Project object */;
			proxyType = 1;
			remoteGlobalIDString = BCF8EE5609AF3E730095BCD2;
			remoteInfo = "WOTest + Tests";
		};
/* End PBXContainerItemProxy section */

/* Begin PBXCopyFilesBuildPhase section */
		BC30805F09A0B4F300849045 /* Copy Notes */ = {
			isa = PBXCopyFilesBuildPhase;
			buildActionMask = 2147483647;
			dstPath = "";
			dstSubfolderSpec = 1;
			files = (
				BC30806109A0B50900849045 /* LICENSE.txt in Copy Notes */,
				BC9DC00A0721CE8D00610C69 /* INFO.txt in Copy Notes */,
			);
			name = "Copy Notes";
			runOnlyForDeploymentPostprocessing = 0;
		};
		BC59E13609B6390B00F9359B /* Copy Bundle Resources */ = {
			isa = PBXCopyFilesBuildPhase;
			buildActionMask = 2147483647;
			dstPath = "";
			dstSubfolderSpec = 7;
			files = (
				BC59E13809B6391300F9359B /* WincentTestBundle.icns in Copy Bundle Resources */,
			);
			name = "Copy Bundle Resources";
			runOnlyForDeploymentPostprocessing = 0;
		};
		BCD155A10A961938005B1950 /* CopyFiles */ = {
			isa = PBXCopyFilesBuildPhase;
			buildActionMask = 2147483647;
			dstPath = WOTest;
			dstSubfolderSpec = 16;
			files = (
				BCD155A50A961949005B1950 /* WOTest.h in CopyFiles */,
				BCD155A60A961949005B1950 /* WOTestClass.h in CopyFiles */,
				BCD155A70A961949005B1950 /* NSException+WOTest.h in CopyFiles */,
				BCD155A80A961949005B1950 /* NSString+WOTest.h in CopyFiles */,
				BCD155A90A961949005B1950 /* NSValue+WOTest.h in CopyFiles */,
				BCD155AA0A961949005B1950 /* NSObject+WOTest.h in CopyFiles */,
				BCD155AB0A961949005B1950 /* NSScanner+WOTest.h in CopyFiles */,
				BCD155AC0A961949005B1950 /* WOMock.h in CopyFiles */,
				BCD155AD0A961949005B1950 /* WOStub.h in CopyFiles */,
				BCD155AE0A961949005B1950 /* WOClassMock.h in CopyFiles */,
				BCD155AF0A961949005B1950 /* WOProtocolMock.h in CopyFiles */,
				BCD155B00A961949005B1950 /* WOEnumerate.h in CopyFiles */,
				BCD155B10A961949005B1950 /* NSInvocation+WOTest.h in CopyFiles */,
				BCD155B20A961949005B1950 /* NSMethodSignature+WOTest.h in CopyFiles */,
				BCD155B30A961949005B1950 /* WOLightweightRoot.h in CopyFiles */,
				BCD155B40A961949005B1950 /* WOObjectMock.h in CopyFiles */,
				BCD155B50A961949005B1950 /* WOProtocolStub.h in CopyFiles */,
				BCD155B60A961949005B1950 /* WOObjectStub.h in CopyFiles */,
				BCD155B70A961949005B1950 /* WOTest_Version.h in CopyFiles */,
				BCD155B80A961949005B1950 /* WOTestBundleInjector.h in CopyFiles */,
				BCD155B90A961949005B1950 /* NSProxy+WOTest.h in CopyFiles */,
				BCD155BA0A961949005B1950 /* WOTestMacros.h in CopyFiles */,
			);
			runOnlyForDeploymentPostprocessing = 0;
		};
		BCF8F09C09AF598B0095BCD2 /* CopyFiles */ = {
			isa = PBXCopyFilesBuildPhase;
			buildActionMask = 2147483647;
			dstPath = WOTest.framework/Versions/A/Resources;
			dstSubfolderSpec = 16;
			files = (
				BCF8F0A709AF5A620095BCD2 /* WOTestSelfTests.bundle in CopyFiles */,
			);
			runOnlyForDeploymentPostprocessing = 0;
		};
/* End PBXCopyFilesBuildPhase section */

/* Begin PBXFileReference section */
		0867D69BFE84028FC02AAC07 /* Foundation.framework */ = {isa = PBXFileReference; lastKnownFileType = wrapper.framework; name = Foundation.framework; path = /System/Library/Frameworks/Foundation.framework; sourceTree = "<absolute>"; };
		0867D6A5FE840307C02AAC07 /* AppKit.framework */ = {isa = PBXFileReference; lastKnownFileType = wrapper.framework; name = AppKit.framework; path = /System/Library/Frameworks/AppKit.framework; sourceTree = "<absolute>"; };
		1058C7B1FEA5585E11CA2CBB /* Cocoa.framework */ = {isa = PBXFileReference; lastKnownFileType = wrapper.framework; name = Cocoa.framework; path = /System/Library/Frameworks/Cocoa.framework; sourceTree = "<absolute>"; };
		8DC2EF5A0486A6940098B216 /* Info.plist */ = {isa = PBXFileReference; explicitFileType = text.xml; fileEncoding = 4; path = Info.plist; sourceTree = "<group>"; };
		BC182C2E09B752F4002985F5 /* base-style.xcconfig */ = {isa = PBXFileReference; fileEncoding = 4; lastKnownFileType = text.xcconfig; name = "base-style.xcconfig"; path = "../../buildtools/base-style.xcconfig"; sourceTree = SOURCE_ROOT; };
		BC1A67CF085BB8D7004E0E61 /* Doxyfile */ = {isa = PBXFileReference; fileEncoding = 4; lastKnownFileType = text; path = Doxyfile; sourceTree = "<group>"; };
		BC1A6932085C4A3C004E0E61 /* folder.icns */ = {isa = PBXFileReference; lastKnownFileType = image.icns; path = folder.icns; sourceTree = "<group>"; };
		BC1A6961085C5002004E0E61 /* NSObject+WOTest.h */ = {isa = PBXFileReference; fileEncoding = 4; lastKnownFileType = sourcecode.c.h; path = "NSObject+WOTest.h"; sourceTree = "<group>"; };
		BC1A6962085C5002004E0E61 /* NSObject+WOTest.m */ = {isa = PBXFileReference; fileEncoding = 4; lastKnownFileType = sourcecode.c.objc; path = "NSObject+WOTest.m"; sourceTree = "<group>"; };
		BC1A6A9E085C76BF004E0E61 /* NSScanner+WOTest.h */ = {isa = PBXFileReference; fileEncoding = 4; lastKnownFileType = sourcecode.c.h; path = "NSScanner+WOTest.h"; sourceTree = "<group>"; };
		BC1A6A9F085C76BF004E0E61 /* NSScanner+WOTest.m */ = {isa = PBXFileReference; fileEncoding = 4; lastKnownFileType = sourcecode.c.objc; path = "NSScanner+WOTest.m"; sourceTree = "<group>"; };
		BC270FAA0B12006400DB23C6 /* WOTestLowLevelException.m */ = {isa = PBXFileReference; fileEncoding = 4; lastKnownFileType = sourcecode.c.objc; path = WOTestLowLevelException.m; sourceTree = "<group>"; };
		BC270FAB0B12006400DB23C6 /* WOTestLowLevelException.h */ = {isa = PBXFileReference; fileEncoding = 4; lastKnownFileType = sourcecode.c.h; path = WOTestLowLevelException.h; sourceTree = "<group>"; };
		BC27ABB4099146B3002AF128 /* NSScannerTests.h */ = {isa = PBXFileReference; fileEncoding = 4; lastKnownFileType = sourcecode.c.h; name = NSScannerTests.h; path = Tests/NSScannerTests.h; sourceTree = "<group>"; };
		BC27ABB5099146B3002AF128 /* NSScannerTests.m */ = {isa = PBXFileReference; fileEncoding = 4; lastKnownFileType = sourcecode.c.objc; name = NSScannerTests.m; path = Tests/NSScannerTests.m; sourceTree = "<group>"; };
		BC2D95560720724300EC88EB /* WOTestSelfTests.h */ = {isa = PBXFileReference; fileEncoding = 4; lastKnownFileType = sourcecode.c.h; name = WOTestSelfTests.h; path = Tests/WOTestSelfTests.h; sourceTree = "<group>"; };
		BC2D95570720724300EC88EB /* WOTestSelfTests.m */ = {isa = PBXFileReference; fileEncoding = 4; lastKnownFileType = sourcecode.c.objc; name = WOTestSelfTests.m; path = Tests/WOTestSelfTests.m; sourceTree = "<group>"; };
		BC30805D09A0B4BC00849045 /* LICENSE.txt */ = {isa = PBXFileReference; fileEncoding = 4; lastKnownFileType = text; path = LICENSE.txt; sourceTree = "<group>"; };
		BC30822809A0BF1300849045 /* WOTest_Version.h */ = {isa = PBXFileReference; fileEncoding = 4; lastKnownFileType = sourcecode.c.h; path = WOTest_Version.h; sourceTree = "<group>"; };
		BC37AD75072872CC00FDE665 /* WOTestRunner */ = {isa = PBXFileReference; explicitFileType = "compiled.mach-o.executable"; includeInIndex = 0; path = WOTestRunner; sourceTree = BUILT_PRODUCTS_DIR; };
		BC37AD84072872FF00FDE665 /* WOTestRunner.m */ = {isa = PBXFileReference; fileEncoding = 30; lastKnownFileType = sourcecode.c.objc; name = WOTestRunner.m; path = WOTestRunner/WOTestRunner.m; sourceTree = "<group>"; };
		BC37AD86072872FF00FDE665 /* WOTestRunner.1 */ = {isa = PBXFileReference; fileEncoding = 30; lastKnownFileType = text.man; name = WOTestRunner.1; path = WOTestRunner/WOTestRunner.1; sourceTree = "<group>"; };
		BC4495250B19FB5600A1FBD1 /* WOMultithreadedCrashTests.h */ = {isa = PBXFileReference; fileEncoding = 4; lastKnownFileType = sourcecode.c.h; name = WOMultithreadedCrashTests.h; path = Tests/WOMultithreadedCrashTests.h; sourceTree = "<group>"; };
		BC4495260B19FB5600A1FBD1 /* WOMultithreadedCrashTests.m */ = {isa = PBXFileReference; fileEncoding = 4; lastKnownFileType = sourcecode.c.objc; name = WOMultithreadedCrashTests.m; path = Tests/WOMultithreadedCrashTests.m; sourceTree = "<group>"; };
		BC497B9A0A86621100728B6C /* WOTestBundleInjector.h */ = {isa = PBXFileReference; fileEncoding = 4; lastKnownFileType = sourcecode.c.h; path = WOTestBundleInjector.h; sourceTree = "<group>"; };
		BC497B9B0A86621100728B6C /* WOTestBundleInjector.m */ = {isa = PBXFileReference; fileEncoding = 4; lastKnownFileType = sourcecode.c.objc; path = WOTestBundleInjector.m; sourceTree = "<group>"; };
		BC56DCB3071B604100287AF4 /* WOTest.h */ = {isa = PBXFileReference; fileEncoding = 4; lastKnownFileType = sourcecode.c.h; path = WOTest.h; sourceTree = "<group>"; };
		BC56DD14071B696300287AF4 /* WOTestClass.h */ = {isa = PBXFileReference; fileEncoding = 4; lastKnownFileType = sourcecode.c.h; path = WOTestClass.h; sourceTree = "<group>"; };
		BC56DD15071B696300287AF4 /* WOTestClass.m */ = {isa = PBXFileReference; fileEncoding = 4; lastKnownFileType = sourcecode.c.objc; path = WOTestClass.m; sourceTree = "<group>"; };
		BC56DD6D071BCA0400287AF4 /* NOTES.txt */ = {isa = PBXFileReference; fileEncoding = 30; lastKnownFileType = text; path = NOTES.txt; sourceTree = "<group>"; };
		BC56DDC6071BDDCE00287AF4 /* WOTest.framework */ = {isa = PBXFileReference; explicitFileType = wrapper.framework; includeInIndex = 0; path = WOTest.framework; sourceTree = BUILT_PRODUCTS_DIR; };
		BC59E11E09B637C800F9359B /* WincentTestBundle.icns */ = {isa = PBXFileReference; lastKnownFileType = image.icns; name = WincentTestBundle.icns; path = Tests/WincentTestBundle.icns; sourceTree = "<group>"; };
		BC59E17909B63B8800F9359B /* RunTests.sh */ = {isa = PBXFileReference; fileEncoding = 4; lastKnownFileType = text.script.sh; path = RunTests.sh; sourceTree = "<group>"; };
		BC5B1160072483FC000A7198 /* NSException+WOTest.h */ = {isa = PBXFileReference; fileEncoding = 4; lastKnownFileType = sourcecode.c.h; path = "NSException+WOTest.h"; sourceTree = "<group>"; };
		BC5B1161072483FC000A7198 /* NSException+WOTest.m */ = {isa = PBXFileReference; fileEncoding = 4; lastKnownFileType = sourcecode.c.objc; path = "NSException+WOTest.m"; sourceTree = "<group>"; };
		BC74346B0A87680C00FD78DC /* CoreServices.framework */ = {isa = PBXFileReference; lastKnownFileType = wrapper.framework; name = CoreServices.framework; path = /System/Library/Frameworks/CoreServices.framework; sourceTree = "<absolute>"; };
		BC79A46509A64E27008FF8BC /* en */ = {isa = PBXFileReference; fileEncoding = 10; lastKnownFileType = text.plist.strings; name = en; path = en.lproj/InfoPlist.strings; sourceTree = "<group>"; };
		BC7CC40D0A8E0A5D00B83673 /* NSProxy+WOTest.h */ = {isa = PBXFileReference; fileEncoding = 4; lastKnownFileType = sourcecode.c.h; path = "NSProxy+WOTest.h"; sourceTree = "<group>"; };
		BC92155D085E3C8F00940ABF /* WOMock.h */ = {isa = PBXFileReference; fileEncoding = 4; lastKnownFileType = sourcecode.c.h; path = WOMock.h; sourceTree = "<group>"; };
		BC92155E085E3C8F00940ABF /* WOMock.m */ = {isa = PBXFileReference; fileEncoding = 4; lastKnownFileType = sourcecode.c.objc; path = WOMock.m; sourceTree = "<group>"; };
		BC9215A8085E535B00940ABF /* WOStub.h */ = {isa = PBXFileReference; fileEncoding = 4; lastKnownFileType = sourcecode.c.h; path = WOStub.h; sourceTree = "<group>"; };
		BC9215A9085E535B00940ABF /* WOStub.m */ = {isa = PBXFileReference; fileEncoding = 4; lastKnownFileType = sourcecode.c.objc; path = WOStub.m; sourceTree = "<group>"; };
		BC9DC0080721CE8D00610C69 /* INFO.txt */ = {isa = PBXFileReference; fileEncoding = 30; lastKnownFileType = text; path = INFO.txt; sourceTree = "<group>"; };
		BCA93F42085626D400FE8D18 /* NSString+WOTest.h */ = {isa = PBXFileReference; fileEncoding = 4; lastKnownFileType = sourcecode.c.h; path = "NSString+WOTest.h"; sourceTree = "<group>"; };
		BCA93F43085626D400FE8D18 /* NSString+WOTest.m */ = {isa = PBXFileReference; fileEncoding = 4; lastKnownFileType = sourcecode.c.objc; path = "NSString+WOTest.m"; sourceTree = "<group>"; };
		BCA9401808566F4300FE8D18 /* WOTestSelfTests.bundle */ = {isa = PBXFileReference; explicitFileType = wrapper.cfbundle; includeInIndex = 0; path = WOTestSelfTests.bundle; sourceTree = BUILT_PRODUCTS_DIR; };
		BCA9401908566F4300FE8D18 /* Info.plist */ = {isa = PBXFileReference; fileEncoding = 4; lastKnownFileType = text.xml; name = Info.plist; path = Tests/Info.plist; sourceTree = "<group>"; };
		BCA9419D0857D26000FE8D18 /* NSValue+WOTest.h */ = {isa = PBXFileReference; fileEncoding = 4; lastKnownFileType = sourcecode.c.h; path = "NSValue+WOTest.h"; sourceTree = "<group>"; };
		BCA9419E0857D26000FE8D18 /* NSValue+WOTest.m */ = {isa = PBXFileReference; fileEncoding = 4; lastKnownFileType = sourcecode.c.objc; path = "NSValue+WOTest.m"; sourceTree = "<group>"; };
		BCAC709907E359AB00FDA956 /* TODO.txt */ = {isa = PBXFileReference; fileEncoding = 4; lastKnownFileType = text; path = TODO.txt; sourceTree = "<group>"; };
		BCAC70E307E37F9900FDA956 /* WOTestRunner.h */ = {isa = PBXFileReference; fileEncoding = 4; lastKnownFileType = sourcecode.c.h; name = WOTestRunner.h; path = WOTestRunner/WOTestRunner.h; sourceTree = "<group>"; };
		BCAC714D07E4518B00FDA956 /* WOTestRunner_Version.h */ = {isa = PBXFileReference; fileEncoding = 4; lastKnownFileType = sourcecode.c.h; name = WOTestRunner_Version.h; path = WOTestRunner/WOTestRunner_Version.h; sourceTree = "<group>"; };
		BCB588F609AA375800AF7785 /* foundation-tool-target.xcconfig */ = {isa = PBXFileReference; fileEncoding = 4; lastKnownFileType = text.xcconfig; name = "foundation-tool-target.xcconfig"; path = "../../buildtools/foundation-tool-target.xcconfig"; sourceTree = SOURCE_ROOT; };
		BCB5892E09AA39D600AF7785 /* loadable-test-bundle-target.xcconfig */ = {isa = PBXFileReference; fileEncoding = 4; lastKnownFileType = text.xcconfig; name = "loadable-test-bundle-target.xcconfig"; path = "../../buildtools/loadable-test-bundle-target.xcconfig"; sourceTree = SOURCE_ROOT; };
		BCBB5229099AC94F0065D0C5 /* WOStubTests.h */ = {isa = PBXFileReference; fileEncoding = 4; lastKnownFileType = sourcecode.c.h; name = WOStubTests.h; path = Tests/WOStubTests.h; sourceTree = "<group>"; };
		BCBB522A099AC94F0065D0C5 /* WOStubTests.m */ = {isa = PBXFileReference; fileEncoding = 4; lastKnownFileType = sourcecode.c.objc; name = WOStubTests.m; path = Tests/WOStubTests.m; sourceTree = "<group>"; };
		BCBB5655099CACD80065D0C5 /* NSObjectTests.h */ = {isa = PBXFileReference; fileEncoding = 4; lastKnownFileType = sourcecode.c.h; name = NSObjectTests.h; path = Tests/NSObjectTests.h; sourceTree = "<group>"; };
		BCBB5656099CACD80065D0C5 /* NSObjectTests.m */ = {isa = PBXFileReference; fileEncoding = 4; lastKnownFileType = sourcecode.c.objc; name = NSObjectTests.m; path = Tests/NSObjectTests.m; sourceTree = "<group>"; };
		BCBB57CC099D223D0065D0C5 /* WOClassMockTests.h */ = {isa = PBXFileReference; fileEncoding = 4; lastKnownFileType = sourcecode.c.h; name = WOClassMockTests.h; path = Tests/WOClassMockTests.h; sourceTree = "<group>"; };
		BCBB57CD099D223D0065D0C5 /* WOClassMockTests.m */ = {isa = PBXFileReference; fileEncoding = 4; lastKnownFileType = sourcecode.c.objc; name = WOClassMockTests.m; path = Tests/WOClassMockTests.m; sourceTree = "<group>"; };
		BCBB58DB099D2FC20065D0C5 /* WOProtocolMockTests.h */ = {isa = PBXFileReference; fileEncoding = 4; lastKnownFileType = sourcecode.c.h; name = WOProtocolMockTests.h; path = Tests/WOProtocolMockTests.h; sourceTree = "<group>"; };
		BCBB58DC099D2FC20065D0C5 /* WOProtocolMockTests.m */ = {isa = PBXFileReference; fileEncoding = 4; lastKnownFileType = sourcecode.c.objc; name = WOProtocolMockTests.m; path = Tests/WOProtocolMockTests.m; sourceTree = "<group>"; };
		BCBB58EC099D311B0065D0C5 /* WOObjectMock.h */ = {isa = PBXFileReference; fileEncoding = 4; lastKnownFileType = sourcecode.c.h; path = WOObjectMock.h; sourceTree = "<group>"; };
		BCBB58ED099D311B0065D0C5 /* WOObjectMock.m */ = {isa = PBXFileReference; fileEncoding = 4; lastKnownFileType = sourcecode.c.objc; path = WOObjectMock.m; sourceTree = "<group>"; };
		BCBB59A0099D38BE0065D0C5 /* WOProtocolStub.h */ = {isa = PBXFileReference; fileEncoding = 4; lastKnownFileType = sourcecode.c.h; path = WOProtocolStub.h; sourceTree = "<group>"; };
		BCBB59A1099D38BE0065D0C5 /* WOProtocolStub.m */ = {isa = PBXFileReference; fileEncoding = 4; lastKnownFileType = sourcecode.c.objc; path = WOProtocolStub.m; sourceTree = "<group>"; };
		BCBB59AA099D38EC0065D0C5 /* WOObjectStub.h */ = {isa = PBXFileReference; fileEncoding = 4; lastKnownFileType = sourcecode.c.h; path = WOObjectStub.h; sourceTree = "<group>"; };
		BCBB59AB099D38EC0065D0C5 /* WOObjectStub.m */ = {isa = PBXFileReference; fileEncoding = 4; lastKnownFileType = sourcecode.c.objc; path = WOObjectStub.m; sourceTree = "<group>"; };
		BCBB5A60099D41D00065D0C5 /* WOObjectStubTests.h */ = {isa = PBXFileReference; fileEncoding = 4; lastKnownFileType = sourcecode.c.h; name = WOObjectStubTests.h; path = Tests/WOObjectStubTests.h; sourceTree = "<group>"; };
		BCBB5A61099D41D00065D0C5 /* WOObjectStubTests.m */ = {isa = PBXFileReference; fileEncoding = 4; lastKnownFileType = sourcecode.c.objc; name = WOObjectStubTests.m; path = Tests/WOObjectStubTests.m; sourceTree = "<group>"; };
		BCBB5A65099D41DB0065D0C5 /* WOProtocolStubTests.h */ = {isa = PBXFileReference; fileEncoding = 4; lastKnownFileType = sourcecode.c.h; name = WOProtocolStubTests.h; path = Tests/WOProtocolStubTests.h; sourceTree = "<group>"; };
		BCBB5A66099D41DB0065D0C5 /* WOProtocolStubTests.m */ = {isa = PBXFileReference; fileEncoding = 4; lastKnownFileType = sourcecode.c.objc; name = WOProtocolStubTests.m; path = Tests/WOProtocolStubTests.m; sourceTree = "<group>"; };
		BCBB5B36099D4B050065D0C5 /* WOMockTests.h */ = {isa = PBXFileReference; fileEncoding = 4; lastKnownFileType = sourcecode.c.h; name = WOMockTests.h; path = Tests/WOMockTests.h; sourceTree = "<group>"; };
		BCBB5B37099D4B050065D0C5 /* WOMockTests.m */ = {isa = PBXFileReference; fileEncoding = 4; lastKnownFileType = sourcecode.c.objc; name = WOMockTests.m; path = Tests/WOMockTests.m; sourceTree = "<group>"; };
		BCD1513C0A95F0A5005B1950 /* WOTestMacros.h */ = {isa = PBXFileReference; fileEncoding = 4; lastKnownFileType = sourcecode.c.h; path = WOTestMacros.h; sourceTree = "<group>"; };
		BCDC6E1609AA308F006D299B /* debug-style.xcconfig */ = {isa = PBXFileReference; fileEncoding = 4; lastKnownFileType = text.xcconfig; name = "debug-style.xcconfig"; path = "../../buildtools/debug-style.xcconfig"; sourceTree = SOURCE_ROOT; };
		BCDC6E1709AA308F006D299B /* release-style.xcconfig */ = {isa = PBXFileReference; fileEncoding = 4; lastKnownFileType = text.xcconfig; name = "release-style.xcconfig"; path = "../../buildtools/release-style.xcconfig"; sourceTree = SOURCE_ROOT; };
		BCDC6E1809AA308F006D299B /* embeddable-framework-target.xcconfig */ = {isa = PBXFileReference; fileEncoding = 4; lastKnownFileType = text.xcconfig; name = "embeddable-framework-target.xcconfig"; path = "../../buildtools/embeddable-framework-target.xcconfig"; sourceTree = SOURCE_ROOT; };
		BCF732C90B32D724006E49CB /* WOTestApplicationTestsControllerTests.m */ = {isa = PBXFileReference; fileEncoding = 4; lastKnownFileType = sourcecode.c.objc; name = WOTestApplicationTestsControllerTests.m; path = Tests/WOTestApplicationTestsControllerTests.m; sourceTree = "<group>"; };
		BCF732CA0B32D724006E49CB /* WOTestApplicationTestsControllerTests.h */ = {isa = PBXFileReference; fileEncoding = 4; lastKnownFileType = sourcecode.c.h; name = WOTestApplicationTestsControllerTests.h; path = Tests/WOTestApplicationTestsControllerTests.h; sourceTree = "<group>"; };
		BCF732CB0B32D724006E49CB /* WOTestApplicationTestsController.h */ = {isa = PBXFileReference; fileEncoding = 4; lastKnownFileType = sourcecode.c.h; path = WOTestApplicationTestsController.h; sourceTree = "<group>"; };
		BCF732CC0B32D724006E49CB /* WOTestApplicationTestsController.m */ = {isa = PBXFileReference; fileEncoding = 4; lastKnownFileType = sourcecode.c.objc; path = WOTestApplicationTestsController.m; sourceTree = "<group>"; };
		BCFA316A098BFD8900EEEE22 /* WOClassMock.h */ = {isa = PBXFileReference; fileEncoding = 4; lastKnownFileType = sourcecode.c.h; path = WOClassMock.h; sourceTree = "<group>"; };
		BCFA316B098BFD8900EEEE22 /* WOClassMock.m */ = {isa = PBXFileReference; fileEncoding = 4; lastKnownFileType = sourcecode.c.objc; path = WOClassMock.m; sourceTree = "<group>"; };
		BCFA3172098BFD9300EEEE22 /* WOProtocolMock.h */ = {isa = PBXFileReference; fileEncoding = 4; lastKnownFileType = sourcecode.c.h; path = WOProtocolMock.h; sourceTree = "<group>"; };
		BCFA3173098BFD9300EEEE22 /* WOProtocolMock.m */ = {isa = PBXFileReference; fileEncoding = 4; lastKnownFileType = sourcecode.c.objc; path = WOProtocolMock.m; sourceTree = "<group>"; };
		BCFA31DB098C030300EEEE22 /* WOEnumerate.h */ = {isa = PBXFileReference; fileEncoding = 4; lastKnownFileType = sourcecode.c.h; path = WOEnumerate.h; sourceTree = "<group>"; };
		BCFA326B098C71D300EEEE22 /* WOObjectMockTests.h */ = {isa = PBXFileReference; fileEncoding = 4; lastKnownFileType = sourcecode.c.h; name = WOObjectMockTests.h; path = Tests/WOObjectMockTests.h; sourceTree = "<group>"; };
		BCFA326C098C71D300EEEE22 /* WOObjectMockTests.m */ = {isa = PBXFileReference; fileEncoding = 4; lastKnownFileType = sourcecode.c.objc; name = WOObjectMockTests.m; path = Tests/WOObjectMockTests.m; sourceTree = "<group>"; };
		BCFA342A098DB87300EEEE22 /* NSInvocation+WOTest.h */ = {isa = PBXFileReference; fileEncoding = 4; lastKnownFileType = sourcecode.c.h; path = "NSInvocation+WOTest.h"; sourceTree = "<group>"; };
		BCFA342B098DB87300EEEE22 /* NSInvocation+WOTest.m */ = {isa = PBXFileReference; fileEncoding = 4; lastKnownFileType = sourcecode.c.objc; path = "NSInvocation+WOTest.m"; sourceTree = "<group>"; };
		BCFA3444098E25FA00EEEE22 /* NSInvocationTests.h */ = {isa = PBXFileReference; fileEncoding = 4; lastKnownFileType = sourcecode.c.h; name = NSInvocationTests.h; path = Tests/NSInvocationTests.h; sourceTree = "<group>"; };
		BCFA3445098E25FA00EEEE22 /* NSInvocationTests.m */ = {isa = PBXFileReference; fileEncoding = 4; lastKnownFileType = sourcecode.c.objc; name = NSInvocationTests.m; path = Tests/NSInvocationTests.m; sourceTree = "<group>"; };
		BCFA35CA098E6A0D00EEEE22 /* NSMethodSignature+WOTest.h */ = {isa = PBXFileReference; fileEncoding = 4; lastKnownFileType = sourcecode.c.h; path = "NSMethodSignature+WOTest.h"; sourceTree = "<group>"; };
		BCFA35CB098E6A0D00EEEE22 /* NSMethodSignature+WOTest.m */ = {isa = PBXFileReference; fileEncoding = 4; lastKnownFileType = sourcecode.c.objc; path = "NSMethodSignature+WOTest.m"; sourceTree = "<group>"; };
		BCFA3CE0098F9B4800EEEE22 /* WOLightweightRoot.h */ = {isa = PBXFileReference; fileEncoding = 4; lastKnownFileType = sourcecode.c.h; path = WOLightweightRoot.h; sourceTree = "<group>"; };
		BCFA3CE1098F9B4800EEEE22 /* WOLightweightRoot.m */ = {isa = PBXFileReference; fileEncoding = 4; lastKnownFileType = sourcecode.c.objc; path = WOLightweightRoot.m; sourceTree = "<group>"; };
		BCFA3EA6098FCF9700EEEE22 /* NSValueTests.h */ = {isa = PBXFileReference; fileEncoding = 4; lastKnownFileType = sourcecode.c.h; name = NSValueTests.h; path = Tests/NSValueTests.h; sourceTree = "<group>"; };
		BCFA3EA7098FCF9700EEEE22 /* NSValueTests.m */ = {isa = PBXFileReference; fileEncoding = 4; lastKnownFileType = sourcecode.c.objc; name = NSValueTests.m; path = Tests/NSValueTests.m; sourceTree = "<group>"; };
/* End PBXFileReference section */

/* Begin PBXFrameworksBuildPhase section */
		BC37AD73072872CC00FDE665 /* Frameworks */ = {
			isa = PBXFrameworksBuildPhase;
			buildActionMask = 2147483647;
			files = (
				BCA93E110856145B00FE8D18 /* Foundation.framework in Frameworks */,
			);
			runOnlyForDeploymentPostprocessing = 0;
		};
		BC56DDC3071BDDCE00287AF4 /* Frameworks */ = {
			isa = PBXFrameworksBuildPhase;
			buildActionMask = 2147483647;
			files = (
				BCF8EE6209AF3F470095BCD2 /* Foundation.framework in Frameworks */,
				BC74346C0A87680C00FD78DC /* CoreServices.framework in Frameworks */,
			);
			runOnlyForDeploymentPostprocessing = 0;
		};
		BCA9401608566F4300FE8D18 /* Frameworks */ = {
			isa = PBXFrameworksBuildPhase;
			buildActionMask = 2147483647;
			files = (
				BCF8EE9009AF41460095BCD2 /* Cocoa.framework in Frameworks */,
				BC5845130861EDC800B457FE /* WOTest.framework in Frameworks */,
			);
			runOnlyForDeploymentPostprocessing = 0;
		};
/* End PBXFrameworksBuildPhase section */

/* Begin PBXGroup section */
		034768DFFF38A50411DB9C8B /* Products */ = {
			isa = PBXGroup;
			children = (
				BC56DDC6071BDDCE00287AF4 /* WOTest.framework */,
				BC37AD75072872CC00FDE665 /* WOTestRunner */,
				BCA9401808566F4300FE8D18 /* WOTestSelfTests.bundle */,
			);
			name = Products;
			sourceTree = "<group>";
		};
		0867D691FE84028FC02AAC07 /* WOTest */ = {
			isa = PBXGroup;
			children = (
				BCDC6E1209AA3064006D299B /* Configuration */,
				BC1A67C7085BB8C1004E0E61 /* Documentation */,
				BCAC717407E4524900FDA956 /* Scripts */,
				BC2D95530720722600EC88EB /* WOTestSelfTests */,
				BC37AD8A0728734B00FDE665 /* WOTest.framework */,
				BC37AD7E072872DE00FDE665 /* WOTestRunner */,
				0867D69AFE84028FC02AAC07 /* External Frameworks and Libraries */,
				034768DFFF38A50411DB9C8B /* Products */,
			);
			name = WOTest;
			sourceTree = "<group>";
		};
		0867D69AFE84028FC02AAC07 /* External Frameworks and Libraries */ = {
			isa = PBXGroup;
			children = (
				BC74346B0A87680C00FD78DC /* CoreServices.framework */,
				1058C7B1FEA5585E11CA2CBB /* Cocoa.framework */,
				0867D69BFE84028FC02AAC07 /* Foundation.framework */,
				0867D6A5FE840307C02AAC07 /* AppKit.framework */,
			);
			name = "External Frameworks and Libraries";
			sourceTree = "<group>";
		};
		089C1665FE841158C02AAC07 /* Resources */ = {
			isa = PBXGroup;
			children = (
				BC1A6932085C4A3C004E0E61 /* folder.icns */,
				089C1666FE841158C02AAC07 /* InfoPlist.strings */,
				8DC2EF5A0486A6940098B216 /* Info.plist */,
				BC59E17909B63B8800F9359B /* RunTests.sh */,
			);
			name = Resources;
			sourceTree = "<group>";
		};
		08FB77AEFE84172EC02AAC07 /* Classes */ = {
			isa = PBXGroup;
			children = (
				BC56DD14071B696300287AF4 /* WOTestClass.h */,
				BC56DD15071B696300287AF4 /* WOTestClass.m */,
				BCBB59B6099D39330065D0C5 /* Mocks */,
				BCBB59B7099D393B0065D0C5 /* Stubs */,
				BCFA3CE0098F9B4800EEEE22 /* WOLightweightRoot.h */,
				BCFA3CE1098F9B4800EEEE22 /* WOLightweightRoot.m */,
				BC497B9A0A86621100728B6C /* WOTestBundleInjector.h */,
				BC497B9B0A86621100728B6C /* WOTestBundleInjector.m */,
				BC270FAB0B12006400DB23C6 /* WOTestLowLevelException.h */,
				BC270FAA0B12006400DB23C6 /* WOTestLowLevelException.m */,
				BCF732CB0B32D724006E49CB /* WOTestApplicationTestsController.h */,
				BCF732CC0B32D724006E49CB /* WOTestApplicationTestsController.m */,
			);
			name = Classes;
			sourceTree = "<group>";
		};
		32C88DFF0371C24200C91783 /* Other Sources */ = {
			isa = PBXGroup;
			children = (
				BC30822809A0BF1300849045 /* WOTest_Version.h */,
			);
			name = "Other Sources";
			sourceTree = "<group>";
		};
		BC1A67C7085BB8C1004E0E61 /* Documentation */ = {
			isa = PBXGroup;
			children = (
				BC1A67CF085BB8D7004E0E61 /* Doxyfile */,
				BCAC709907E359AB00FDA956 /* TODO.txt */,
				BC9DC0080721CE8D00610C69 /* INFO.txt */,
				BC56DD6D071BCA0400287AF4 /* NOTES.txt */,
				BC30805D09A0B4BC00849045 /* LICENSE.txt */,
			);
			name = Documentation;
			sourceTree = "<group>";
		};
		BC2D95530720722600EC88EB /* WOTestSelfTests */ = {
			isa = PBXGroup;
			children = (
				BC59E11F09B637CD00F9359B /* Resources */,
				BC59E12009B637DF00F9359B /* Classes */,
			);
			name = WOTestSelfTests;
			sourceTree = "<group>";
		};
		BC37AD7E072872DE00FDE665 /* WOTestRunner */ = {
			isa = PBXGroup;
			children = (
				BCAC714D07E4518B00FDA956 /* WOTestRunner_Version.h */,
				BCAC70E307E37F9900FDA956 /* WOTestRunner.h */,
				BC37AD84072872FF00FDE665 /* WOTestRunner.m */,
				BC37AD86072872FF00FDE665 /* WOTestRunner.1 */,
			);
			name = WOTestRunner;
			sourceTree = "<group>";
		};
		BC37AD8A0728734B00FDE665 /* WOTest.framework */ = {
			isa = PBXGroup;
			children = (
				BC5B116807248409000A7198 /* Categories */,
				BC56DCB0071B602B00287AF4 /* Headers */,
				08FB77AEFE84172EC02AAC07 /* Classes */,
				32C88DFF0371C24200C91783 /* Other Sources */,
				089C1665FE841158C02AAC07 /* Resources */,
			);
			name = WOTest.framework;
			sourceTree = "<group>";
		};
		BC56DCB0071B602B00287AF4 /* Headers */ = {
			isa = PBXGroup;
			children = (
				BC56DCB3071B604100287AF4 /* WOTest.h */,
				BCD1513C0A95F0A5005B1950 /* WOTestMacros.h */,
				BCFA31DB098C030300EEEE22 /* WOEnumerate.h */,
			);
			name = Headers;
			sourceTree = "<group>";
		};
		BC59E11F09B637CD00F9359B /* Resources */ = {
			isa = PBXGroup;
			children = (
				BC59E11E09B637C800F9359B /* WincentTestBundle.icns */,
				BCA9401908566F4300FE8D18 /* Info.plist */,
			);
			name = Resources;
			sourceTree = "<group>";
		};
		BC59E12009B637DF00F9359B /* Classes */ = {
			isa = PBXGroup;
			children = (
				BCF732CA0B32D724006E49CB /* WOTestApplicationTestsControllerTests.h */,
				BCF732C90B32D724006E49CB /* WOTestApplicationTestsControllerTests.m */,
				BCFA3444098E25FA00EEEE22 /* NSInvocationTests.h */,
				BCFA3445098E25FA00EEEE22 /* NSInvocationTests.m */,
				BCBB5655099CACD80065D0C5 /* NSObjectTests.h */,
				BCBB5656099CACD80065D0C5 /* NSObjectTests.m */,
				BC27ABB4099146B3002AF128 /* NSScannerTests.h */,
				BC27ABB5099146B3002AF128 /* NSScannerTests.m */,
				BCFA3EA6098FCF9700EEEE22 /* NSValueTests.h */,
				BCFA3EA7098FCF9700EEEE22 /* NSValueTests.m */,
				BCBB57CC099D223D0065D0C5 /* WOClassMockTests.h */,
				BCBB57CD099D223D0065D0C5 /* WOClassMockTests.m */,
				BCBB5B36099D4B050065D0C5 /* WOMockTests.h */,
				BCBB5B37099D4B050065D0C5 /* WOMockTests.m */,
				BC4495250B19FB5600A1FBD1 /* WOMultithreadedCrashTests.h */,
				BC4495260B19FB5600A1FBD1 /* WOMultithreadedCrashTests.m */,
				BCFA326B098C71D300EEEE22 /* WOObjectMockTests.h */,
				BCFA326C098C71D300EEEE22 /* WOObjectMockTests.m */,
				BCBB5A60099D41D00065D0C5 /* WOObjectStubTests.h */,
				BCBB5A61099D41D00065D0C5 /* WOObjectStubTests.m */,
				BCBB58DB099D2FC20065D0C5 /* WOProtocolMockTests.h */,
				BCBB58DC099D2FC20065D0C5 /* WOProtocolMockTests.m */,
				BCBB5A65099D41DB0065D0C5 /* WOProtocolStubTests.h */,
				BCBB5A66099D41DB0065D0C5 /* WOProtocolStubTests.m */,
				BCBB5229099AC94F0065D0C5 /* WOStubTests.h */,
				BCBB522A099AC94F0065D0C5 /* WOStubTests.m */,
				BC2D95560720724300EC88EB /* WOTestSelfTests.h */,
				BC2D95570720724300EC88EB /* WOTestSelfTests.m */,
			);
			name = Classes;
			sourceTree = "<group>";
		};
		BC5B116807248409000A7198 /* Categories */ = {
			isa = PBXGroup;
			children = (
				BC5B1160072483FC000A7198 /* NSException+WOTest.h */,
				BC5B1161072483FC000A7198 /* NSException+WOTest.m */,
				BCFA342A098DB87300EEEE22 /* NSInvocation+WOTest.h */,
				BCFA342B098DB87300EEEE22 /* NSInvocation+WOTest.m */,
				BCFA35CA098E6A0D00EEEE22 /* NSMethodSignature+WOTest.h */,
				BCFA35CB098E6A0D00EEEE22 /* NSMethodSignature+WOTest.m */,
				BC1A6961085C5002004E0E61 /* NSObject+WOTest.h */,
				BC1A6962085C5002004E0E61 /* NSObject+WOTest.m */,
				BC7CC40D0A8E0A5D00B83673 /* NSProxy+WOTest.h */,
				BC1A6A9E085C76BF004E0E61 /* NSScanner+WOTest.h */,
				BC1A6A9F085C76BF004E0E61 /* NSScanner+WOTest.m */,
				BCA93F42085626D400FE8D18 /* NSString+WOTest.h */,
				BCA93F43085626D400FE8D18 /* NSString+WOTest.m */,
				BCA9419D0857D26000FE8D18 /* NSValue+WOTest.h */,
				BCA9419E0857D26000FE8D18 /* NSValue+WOTest.m */,
			);
			name = Categories;
			sourceTree = "<group>";
		};
		BCAC717407E4524900FDA956 /* Scripts */ = {
			isa = PBXGroup;
			children = (
			);
			name = Scripts;
			sourceTree = "<group>";
		};
		BCB5894709AA3C4E00AF7785 /* Project-level styles */ = {
			isa = PBXGroup;
			children = (
				BC182C2E09B752F4002985F5 /* base-style.xcconfig */,
				BCDC6E1609AA308F006D299B /* debug-style.xcconfig */,
				BCDC6E1709AA308F006D299B /* release-style.xcconfig */,
			);
			name = "Project-level styles";
			sourceTree = "<group>";
		};
		BCB5894809AA3C5400AF7785 /* Targets */ = {
			isa = PBXGroup;
			children = (
				BCDC6E1809AA308F006D299B /* embeddable-framework-target.xcconfig */,
				BCB588F609AA375800AF7785 /* foundation-tool-target.xcconfig */,
				BCB5892E09AA39D600AF7785 /* loadable-test-bundle-target.xcconfig */,
			);
			name = Targets;
			sourceTree = "<group>";
		};
		BCBB59B6099D39330065D0C5 /* Mocks */ = {
			isa = PBXGroup;
			children = (
				BC92155D085E3C8F00940ABF /* WOMock.h */,
				BC92155E085E3C8F00940ABF /* WOMock.m */,
				BCBB58EC099D311B0065D0C5 /* WOObjectMock.h */,
				BCBB58ED099D311B0065D0C5 /* WOObjectMock.m */,
				BCFA316A098BFD8900EEEE22 /* WOClassMock.h */,
				BCFA316B098BFD8900EEEE22 /* WOClassMock.m */,
				BCFA3172098BFD9300EEEE22 /* WOProtocolMock.h */,
				BCFA3173098BFD9300EEEE22 /* WOProtocolMock.m */,
			);
			name = Mocks;
			sourceTree = "<group>";
		};
		BCBB59B7099D393B0065D0C5 /* Stubs */ = {
			isa = PBXGroup;
			children = (
				BC9215A8085E535B00940ABF /* WOStub.h */,
				BC9215A9085E535B00940ABF /* WOStub.m */,
				BCBB59AA099D38EC0065D0C5 /* WOObjectStub.h */,
				BCBB59AB099D38EC0065D0C5 /* WOObjectStub.m */,
				BCBB59A0099D38BE0065D0C5 /* WOProtocolStub.h */,
				BCBB59A1099D38BE0065D0C5 /* WOProtocolStub.m */,
			);
			name = Stubs;
			sourceTree = "<group>";
		};
		BCDC6E1209AA3064006D299B /* Configuration */ = {
			isa = PBXGroup;
			children = (
				BCB5894709AA3C4E00AF7785 /* Project-level styles */,
				BCB5894809AA3C5400AF7785 /* Targets */,
			);
			name = Configuration;
			sourceTree = "<group>";
		};
/* End PBXGroup section */

/* Begin PBXNativeTarget section */
		BC37AD74072872CC00FDE665 /* WOTestRunner */ = {
			isa = PBXNativeTarget;
			buildConfigurationList = BCA93DDF0855D6B300FE8D18 /* Build configuration list for PBXNativeTarget "WOTestRunner" */;
			buildPhases = (
				BC37AD72072872CC00FDE665 /* Sources */,
				BC37AD73072872CC00FDE665 /* Frameworks */,
				BCC4D43609D1AB9E00C350C8 /* Run Script (strip) */,
			);
			buildRules = (
			);
			dependencies = (
				BCC4D44109D1AC1200C350C8 /* PBXTargetDependency */,
			);
			name = WOTestRunner;
			productName = WOTestRunner;
			productReference = BC37AD75072872CC00FDE665 /* WOTestRunner */;
			productType = "com.apple.product-type.tool";
		};
		BC56DDB8071BDDCE00287AF4 /* WOTest */ = {
			isa = PBXNativeTarget;
			buildConfigurationList = BCA93DD30855D6B300FE8D18 /* Build configuration list for PBXNativeTarget "WOTest" */;
			buildPhases = (
				BC56DDC0071BDDCE00287AF4 /* Sources */,
				BC56DDC3071BDDCE00287AF4 /* Frameworks */,
				BC81BB370AF1349800FBA1AD /* Run Script (headers symbolic link) */,
				BC30805F09A0B4F300849045 /* Copy Notes */,
				BC56DDBD071BDDCE00287AF4 /* Resources */,
				BC1A690B085BD19E004E0E61 /* Run Script (custom icon) */,
				BC90C96C09B29B4F00AAF708 /* Run Script (InfoPlist.strings preprocessing) */,
				BCC4D43409D1AB8E00C350C8 /* Run Script (strip) */,
			);
			buildRules = (
			);
			dependencies = (
				BC90BC9D09AF9F3200AAF708 /* PBXTargetDependency */,
				BCA941020857630E00FE8D18 /* PBXTargetDependency */,
			);
			name = WOTest;
			productInstallPath = "$(HOME)/Library/Frameworks";
			productName = WOTest;
			productReference = BC56DDC6071BDDCE00287AF4 /* WOTest.framework */;
			productType = "com.apple.product-type.framework";
		};
		BCA9401708566F4300FE8D18 /* WOTestSelfTests */ = {
			isa = PBXNativeTarget;
			buildConfigurationList = BCA9401C08566F4400FE8D18 /* Build configuration list for PBXNativeTarget "WOTestSelfTests" */;
			buildPhases = (
				BCA9401508566F4300FE8D18 /* Sources */,
				BCA9401608566F4300FE8D18 /* Frameworks */,
				BC59E13609B6390B00F9359B /* Copy Bundle Resources */,
				BC182B5D09B745F3002985F5 /* Run Script (custom icon) */,
				BCC4D43809D1ABC400C350C8 /* Run Script (strip) */,
			);
			buildRules = (
			);
			dependencies = (
				BCA940FE0857627E00FE8D18 /* PBXTargetDependency */,
			);
			name = WOTestSelfTests;
			productName = WOTestSelfTests;
			productReference = BCA9401808566F4300FE8D18 /* WOTestSelfTests.bundle */;
			productType = "com.apple.product-type.bundle";
		};
/* End PBXNativeTarget section */

/* Begin PBXProject section */
		0867D690FE84028FC02AAC07 /* Project object */ = {
			isa = PBXProject;
			buildConfigurationList = BCA93DE70855D6B300FE8D18 /* Build configuration list for PBXProject "WOTest" */;
			compatibilityVersion = "Xcode 3.0";
			hasScannedForEncodings = 1;
			knownRegions = (
				English,
				Japanese,
				French,
				German,
				en,
			);
			mainGroup = 0867D691FE84028FC02AAC07 /* WOTest */;
			productRefGroup = 034768DFFF38A50411DB9C8B /* Products */;
			projectDirPath = "";
			projectRoot = "";
			targets = (
				BC90BC9B09AF9F2700AAF708 /* Update WOTest build number */,
				BC56DDB8071BDDCE00287AF4 /* WOTest */,
				BC2D95AA07208D1E00EC88EB /* WOTest documentation */,
				BCC4D43A09D1ABE800C350C8 /* Update WOTestRunner build number */,
				BC37AD74072872CC00FDE665 /* WOTestRunner */,
				BCA9401708566F4300FE8D18 /* WOTestSelfTests */,
				BCF8EE5609AF3E730095BCD2 /* WOTest + Tests */,
				BCF8F0DA09AF5D130095BCD2 /* WOTest + Tests (run) */,
				BCD155A00A961929005B1950 /* Copy headers */,
			);
		};
/* End PBXProject section */

/* Begin PBXResourcesBuildPhase section */
		BC56DDBD071BDDCE00287AF4 /* Resources */ = {
			isa = PBXResourcesBuildPhase;
			buildActionMask = 2147483647;
			files = (
				BCA941040857632000FE8D18 /* WOTestRunner in Resources */,
				BC56DDBE071BDDCE00287AF4 /* InfoPlist.strings in Resources */,
				BC59E17A09B63B8800F9359B /* RunTests.sh in Resources */,
			);
			runOnlyForDeploymentPostprocessing = 0;
		};
/* End PBXResourcesBuildPhase section */

/* Begin PBXShellScriptBuildPhase section */
		BC182B5D09B745F3002985F5 /* Run Script (custom icon) */ = {
			isa = PBXShellScriptBuildPhase;
			buildActionMask = 2147483647;
			files = (
			);
			inputPaths = (
			);
			name = "Run Script (custom icon)";
			outputPaths = (
			);
			runOnlyForDeploymentPostprocessing = 0;
			shellPath = /bin/sh;
			shellScript = "# BUG: Finder ignores CFBundleIconFile for this type of bundle: do things the hard way:\n\n. \"${BUILDTOOLS_DIR}/SetCustomFolderIcon.sh\" \"${SOURCE_ROOT}/Tests/WincentTestBundle.icns\"";
		};
		BC1A690B085BD19E004E0E61 /* Run Script (custom icon) */ = {
			isa = PBXShellScriptBuildPhase;
			buildActionMask = 2147483647;
			files = (
			);
			inputPaths = (
			);
			name = "Run Script (custom icon)";
			outputPaths = (
			);
			runOnlyForDeploymentPostprocessing = 0;
			shellPath = /bin/sh;
			shellScript = ". \"${BUILDTOOLS_DIR}/SetCustomFolderIcon.sh\" folder.icns";
		};
		BC2D95A907208D1E00EC88EB /* Run Script (Doxygen) */ = {
			isa = PBXShellScriptBuildPhase;
			buildActionMask = 2147483647;
			files = (
			);
			inputPaths = (
			);
			name = "Run Script (Doxygen)";
			outputPaths = (
			);
			runOnlyForDeploymentPostprocessing = 0;
			shellPath = /bin/sh;
			shellScript = ". \"${BUILDTOOLS_DIR}/RunDoxygen.sh\"";
		};
		BC81BB370AF1349800FBA1AD /* Run Script (headers symbolic link) */ = {
			isa = PBXShellScriptBuildPhase;
			buildActionMask = 2147483647;
			files = (
			);
			inputPaths = (
			);
			name = "Run Script (headers symbolic link)";
			outputPaths = (
			);
			runOnlyForDeploymentPostprocessing = 0;
			shellPath = /bin/sh;
			shellScript = ". \"${BUILDTOOLS_DIR}/FrameworkHeadersLink.sh\"\n";
		};
		BC90BC9A09AF9F2700AAF708 /* ShellScript */ = {
			isa = PBXShellScriptBuildPhase;
			buildActionMask = 2147483647;
			files = (
			);
			inputPaths = (
			);
			outputPaths = (
			);
			runOnlyForDeploymentPostprocessing = 0;
			shellPath = /bin/sh;
			shellScript = "set -e\ncd \"${SOURCE_ROOT}\"\n. \"${BUILDTOOLS_DIR}/UpdateBuildVersionNumbers.sh\" \"WOTest_Version.h\"";
		};
		BC90C96C09B29B4F00AAF708 /* Run Script (InfoPlist.strings preprocessing) */ = {
			isa = PBXShellScriptBuildPhase;
			buildActionMask = 2147483647;
			files = (
			);
			inputPaths = (
			);
			name = "Run Script (InfoPlist.strings preprocessing)";
			outputPaths = (
			);
			runOnlyForDeploymentPostprocessing = 0;
			shellPath = /bin/sh;
			shellScript = ". \"${BUILDTOOLS_DIR}/PreprocessInfoPlistStrings.sh\" \"${TARGET_BUILD_DIR}/${UNLOCALIZED_RESOURCES_FOLDER_PATH}\"";
		};
		BCC4D43409D1AB8E00C350C8 /* Run Script (strip) */ = {
			isa = PBXShellScriptBuildPhase;
			buildActionMask = 2147483647;
			files = (
			);
			inputPaths = (
			);
			name = "Run Script (strip)";
			outputPaths = (
			);
			runOnlyForDeploymentPostprocessing = 0;
			shellPath = /bin/sh;
			shellScript = "#. \"${BUILDTOOLS_DIR}/Strip.sh\"\n. \"${BUILDTOOLS_DIR}/StripDSYM.sh\"";
		};
		BCC4D43609D1AB9E00C350C8 /* Run Script (strip) */ = {
			isa = PBXShellScriptBuildPhase;
			buildActionMask = 2147483647;
			files = (
			);
			inputPaths = (
			);
			name = "Run Script (strip)";
			outputPaths = (
			);
			runOnlyForDeploymentPostprocessing = 0;
			shellPath = /bin/sh;
			shellScript = "#. \"${BUILDTOOLS_DIR}/Strip.sh\"\n. \"${BUILDTOOLS_DIR}/StripDSYM.sh\"";
		};
		BCC4D43809D1ABC400C350C8 /* Run Script (strip) */ = {
			isa = PBXShellScriptBuildPhase;
			buildActionMask = 2147483647;
			files = (
			);
			inputPaths = (
			);
			name = "Run Script (strip)";
			outputPaths = (
			);
			runOnlyForDeploymentPostprocessing = 0;
			shellPath = /bin/sh;
			shellScript = "#. \"${BUILDTOOLS_DIR}/Strip.sh\"\n. \"${BUILDTOOLS_DIR}/StripDSYM.sh\"";
		};
		BCC4D43D09D1ABFC00C350C8 /* ShellScript */ = {
			isa = PBXShellScriptBuildPhase;
			buildActionMask = 2147483647;
			files = (
			);
			inputPaths = (
			);
			outputPaths = (
			);
			runOnlyForDeploymentPostprocessing = 0;
			shellPath = /bin/sh;
			shellScript = "set -e\ncd \"${SOURCE_ROOT}/WOTestRunner\"\n. \"${BUILDTOOLS_DIR}/UpdateBuildVersionNumbers.sh\" \"WOTestRunner/WOTestRunner_Version.h\"";
		};
		BCF8EE7E09AF40190095BCD2 /* Run Script (packaging) */ = {
			isa = PBXShellScriptBuildPhase;
			buildActionMask = 2147483647;
			files = (
			);
			inputPaths = (
			);
			name = "Run Script (packaging)";
			outputPaths = (
			);
			runOnlyForDeploymentPostprocessing = 0;
			shellPath = /bin/sh;
			shellScript = "# comment out these lines if you do not want to set the environment variable\necho \"Using DYLD_FRAMEWORK_PATH environment variable: not performing any special packaging\" \nexit 0\n\n# make the frameworks folder relative to WOTestRunner (@executable_path/../Frameworks/)\n/bin/mkdir -pv \"${TARGET_BUILD_DIR}/WOTest.framework/Versions/A/Frameworks\"\n\n# provide a symlink so that the bundle can find the framework\ncd \"${TARGET_BUILD_DIR}/WOTest.framework/Versions/A/Frameworks\"\n/bin/ln -fsv ../../../../WOTest.framework WOTest.framework";
		};
		BCF8F0E209AF5D130095BCD2 /* Run Script (unit tests) */ = {
			isa = PBXShellScriptBuildPhase;
			buildActionMask = 2147483647;
			files = (
			);
			inputPaths = (
			);
			name = "Run Script (unit tests)";
			outputPaths = (
			);
			runOnlyForDeploymentPostprocessing = 0;
			shellPath = /bin/sh;
			shellScript = "set -e\n\n#export MallocStackLogging=1\n\nexport DYLD_FRAMEWORK_PATH=\"${TARGET_BUILD_DIR}\"\n\n\"${TARGET_BUILD_DIR}/WOTest.framework/Versions/A/Resources/WOTestRunner\" \\\n--test-bundle=\"${TARGET_BUILD_DIR}/WOTest.framework/Versions/A/Resources/WOTestSelfTests.bundle\"\n\n";
		};
/* End PBXShellScriptBuildPhase section */

/* Begin PBXSourcesBuildPhase section */
		BC37AD72072872CC00FDE665 /* Sources */ = {
			isa = PBXSourcesBuildPhase;
			buildActionMask = 2147483647;
			files = (
				BC37AD870728730700FDE665 /* WOTestRunner.m in Sources */,
			);
			runOnlyForDeploymentPostprocessing = 0;
		};
		BC56DDC0071BDDCE00287AF4 /* Sources */ = {
			isa = PBXSourcesBuildPhase;
			buildActionMask = 2147483647;
			files = (
				BC497B9D0A86621100728B6C /* WOTestBundleInjector.m in Sources */,
				BC56DDC2071BDDCE00287AF4 /* WOTestClass.m in Sources */,
				BC5B1165072483FD000A7198 /* NSException+WOTest.m in Sources */,
				BCA93F45085626D400FE8D18 /* NSString+WOTest.m in Sources */,
				BCA941A00857D26000FE8D18 /* NSValue+WOTest.m in Sources */,
				BC1A6966085C5002004E0E61 /* NSObject+WOTest.m in Sources */,
				BC1A6AA3085C76BF004E0E61 /* NSScanner+WOTest.m in Sources */,
				BC921560085E3C8F00940ABF /* WOMock.m in Sources */,
				BC9215AB085E535B00940ABF /* WOStub.m in Sources */,
				BCFA316D098BFD8900EEEE22 /* WOClassMock.m in Sources */,
				BCFA3175098BFD9300EEEE22 /* WOProtocolMock.m in Sources */,
				BCFA342D098DB87300EEEE22 /* NSInvocation+WOTest.m in Sources */,
				BCFA35CF098E6A0D00EEEE22 /* NSMethodSignature+WOTest.m in Sources */,
				BCFA3CE3098F9B4800EEEE22 /* WOLightweightRoot.m in Sources */,
				BCBB58EF099D31280065D0C5 /* WOObjectMock.m in Sources */,
				BCBB59A5099D38BE0065D0C5 /* WOProtocolStub.m in Sources */,
				BCBB59AD099D38EC0065D0C5 /* WOObjectStub.m in Sources */,
				BC270FAC0B12006400DB23C6 /* WOTestLowLevelException.m in Sources */,
				BCF732D00B32D724006E49CB /* WOTestApplicationTestsController.m in Sources */,
			);
			runOnlyForDeploymentPostprocessing = 0;
		};
		BCA9401508566F4300FE8D18 /* Sources */ = {
			isa = PBXSourcesBuildPhase;
			buildActionMask = 2147483647;
			files = (
				BCA940450856742C00FE8D18 /* WOTestSelfTests.m in Sources */,
				BCFA326D098C71D300EEEE22 /* WOObjectMockTests.m in Sources */,
				BCFA3446098E25FA00EEEE22 /* NSInvocationTests.m in Sources */,
				BCFA3EA8098FCF9800EEEE22 /* NSValueTests.m in Sources */,
				BC27ABB6099146B3002AF128 /* NSScannerTests.m in Sources */,
				BCBB522B099AC9500065D0C5 /* WOStubTests.m in Sources */,
				BCBB5657099CACD80065D0C5 /* NSObjectTests.m in Sources */,
				BCBB57CE099D223D0065D0C5 /* WOClassMockTests.m in Sources */,
				BCBB58DD099D2FC20065D0C5 /* WOProtocolMockTests.m in Sources */,
				BCBB5A62099D41D00065D0C5 /* WOObjectStubTests.m in Sources */,
				BCBB5A67099D41DB0065D0C5 /* WOProtocolStubTests.m in Sources */,
				BCBB5B38099D4B050065D0C5 /* WOMockTests.m in Sources */,
				BC4495380B19FE3300A1FBD1 /* WOMultithreadedCrashTests.m in Sources */,
				BCF732D10B32D747006E49CB /* WOTestApplicationTestsControllerTests.m in Sources */,
			);
			runOnlyForDeploymentPostprocessing = 0;
		};
/* End PBXSourcesBuildPhase section */

/* Begin PBXTargetDependency section */
		BC90BC9D09AF9F3200AAF708 /* PBXTargetDependency */ = {
			isa = PBXTargetDependency;
			target = BC90BC9B09AF9F2700AAF708 /* Update WOTest build number */;
			targetProxy = BC90BC9C09AF9F3200AAF708 /* PBXContainerItemProxy */;
		};
		BCA940FE0857627E00FE8D18 /* PBXTargetDependency */ = {
			isa = PBXTargetDependency;
			target = BC56DDB8071BDDCE00287AF4 /* WOTest */;
			targetProxy = BCA940FD0857627E00FE8D18 /* PBXContainerItemProxy */;
		};
		BCA941020857630E00FE8D18 /* PBXTargetDependency */ = {
			isa = PBXTargetDependency;
			target = BC37AD74072872CC00FDE665 /* WOTestRunner */;
			targetProxy = BCA941010857630E00FE8D18 /* PBXContainerItemProxy */;
		};
		BCC4D44109D1AC1200C350C8 /* PBXTargetDependency */ = {
			isa = PBXTargetDependency;
			target = BCC4D43A09D1ABE800C350C8 /* Update WOTestRunner build number */;
			targetProxy = BCC4D44009D1AC1200C350C8 /* PBXContainerItemProxy */;
		};
		BCF8EE5909AF3E7B0095BCD2 /* PBXTargetDependency */ = {
			isa = PBXTargetDependency;
			target = BC56DDB8071BDDCE00287AF4 /* WOTest */;
			targetProxy = BCF8EE5809AF3E7B0095BCD2 /* PBXContainerItemProxy */;
		};
		BCF8F0A309AF5A1F0095BCD2 /* PBXTargetDependency */ = {
			isa = PBXTargetDependency;
			target = BCA9401708566F4300FE8D18 /* WOTestSelfTests */;
			targetProxy = BCF8F0A209AF5A1F0095BCD2 /* PBXContainerItemProxy */;
		};
		BCF8F0E809AF5D4F0095BCD2 /* PBXTargetDependency */ = {
			isa = PBXTargetDependency;
			target = BCF8EE5609AF3E730095BCD2 /* WOTest + Tests */;
			targetProxy = BCF8F0E709AF5D4F0095BCD2 /* PBXContainerItemProxy */;
		};
/* End PBXTargetDependency section */

/* Begin PBXVariantGroup section */
		089C1666FE841158C02AAC07 /* InfoPlist.strings */ = {
			isa = PBXVariantGroup;
			children = (
				BC79A46509A64E27008FF8BC /* en */,
			);
			name = InfoPlist.strings;
			sourceTree = "<group>";
		};
/* End PBXVariantGroup section */

/* Begin XCBuildConfiguration section */
		BC90BCA309AF9F6000AAF708 /* Debug */ = {
			isa = XCBuildConfiguration;
			buildSettings = {
				PRODUCT_NAME = "Update WOTest build number";
			};
			name = Debug;
		};
		BC90BCA409AF9F6000AAF708 /* Release */ = {
			isa = XCBuildConfiguration;
			buildSettings = {
				PRODUCT_NAME = "Update WOTest build number";
			};
			name = Release;
		};
		BCA93DD40855D6B300FE8D18 /* Debug */ = {
			isa = XCBuildConfiguration;
			baseConfigurationReference = BCDC6E1809AA308F006D299B /* embeddable-framework-target.xcconfig */;
			buildSettings = {
				DYLIB_COMPATIBILITY_VERSION = 1;
				DYLIB_CURRENT_VERSION = 1;
				FRAMEWORK_VERSION = A;
				INFOPLIST_FILE = Info.plist;
				INFOPLIST_PREFIX_HEADER = WOTest_Version.h;
				OTHER_LDFLAGS = (
					"-seg1addr",
					0xe0000000,
					"-weak_framework",
					AppKit,
				);
				PRODUCT_NAME = WOTest;
			};
			name = Debug;
		};
		BCA93DD50855D6B300FE8D18 /* Release */ = {
			isa = XCBuildConfiguration;
			baseConfigurationReference = BCDC6E1809AA308F006D299B /* embeddable-framework-target.xcconfig */;
			buildSettings = {
				DYLIB_COMPATIBILITY_VERSION = 1;
				DYLIB_CURRENT_VERSION = 1;
				FRAMEWORK_VERSION = A;
				INFOPLIST_FILE = Info.plist;
				INFOPLIST_PREFIX_HEADER = WOTest_Version.h;
				OTHER_LDFLAGS = (
					"-seg1addr",
					0xe0000000,
					"-weak_framework",
					AppKit,
				);
				PRODUCT_NAME = WOTest;
			};
			name = Release;
		};
		BCA93DDC0855D6B300FE8D18 /* Debug */ = {
			isa = XCBuildConfiguration;
			buildSettings = {
				PRODUCT_NAME = "WOTest documentation";
			};
			name = Debug;
		};
		BCA93DDD0855D6B300FE8D18 /* Release */ = {
			isa = XCBuildConfiguration;
			buildSettings = {
				PRODUCT_NAME = "WOTest documentation";
			};
			name = Release;
		};
		BCA93DE00855D6B300FE8D18 /* Debug */ = {
			isa = XCBuildConfiguration;
			baseConfigurationReference = BCB588F609AA375800AF7785 /* foundation-tool-target.xcconfig */;
			buildSettings = {
				PRODUCT_NAME = WOTestRunner;
			};
			name = Debug;
		};
		BCA93DE10855D6B300FE8D18 /* Release */ = {
			isa = XCBuildConfiguration;
			baseConfigurationReference = BCB588F609AA375800AF7785 /* foundation-tool-target.xcconfig */;
			buildSettings = {
				PRODUCT_NAME = WOTestRunner;
			};
			name = Release;
		};
		BCA93DE80855D6B300FE8D18 /* Debug */ = {
			isa = XCBuildConfiguration;
			baseConfigurationReference = BCDC6E1609AA308F006D299B /* debug-style.xcconfig */;
			buildSettings = {
			};
			name = Debug;
		};
		BCA93DE90855D6B300FE8D18 /* Release */ = {
			isa = XCBuildConfiguration;
			baseConfigurationReference = BCDC6E1709AA308F006D299B /* release-style.xcconfig */;
			buildSettings = {
			};
			name = Release;
		};
		BCA9401D08566F4400FE8D18 /* Debug */ = {
			isa = XCBuildConfiguration;
			baseConfigurationReference = BCB5892E09AA39D600AF7785 /* loadable-test-bundle-target.xcconfig */;
			buildSettings = {
				INFOPLIST_FILE = Tests/Info.plist;
				INFOPLIST_PREFIX_HEADER = WOTest_Version.h;
				PRODUCT_NAME = WOTestSelfTests;
			};
			name = Debug;
		};
		BCA9401E08566F4400FE8D18 /* Release */ = {
			isa = XCBuildConfiguration;
			baseConfigurationReference = BCB5892E09AA39D600AF7785 /* loadable-test-bundle-target.xcconfig */;
			buildSettings = {
				INFOPLIST_FILE = Tests/Info.plist;
				INFOPLIST_PREFIX_HEADER = WOTest_Version.h;
				PRODUCT_NAME = WOTestSelfTests;
			};
			name = Release;
		};
		BCC4D44509D1AC4D00C350C8 /* Debug */ = {
			isa = XCBuildConfiguration;
			buildSettings = {
				PRODUCT_NAME = "Update WOTestRunner build number";
			};
			name = Debug;
		};
		BCC4D44609D1AC4D00C350C8 /* Release */ = {
			isa = XCBuildConfiguration;
			buildSettings = {
				PRODUCT_NAME = "Update WOTestRunner build number";
			};
			name = Release;
		};
		BCD155CC0A96196E005B1950 /* Debug */ = {
			isa = XCBuildConfiguration;
			buildSettings = {
				PRODUCT_NAME = "Copy headers";
			};
			name = Debug;
		};
		BCD155CD0A96196E005B1950 /* Release */ = {
			isa = XCBuildConfiguration;
			buildSettings = {
				PRODUCT_NAME = "Copy headers";
			};
			name = Release;
		};
		BCF8EE5D09AF3EA20095BCD2 /* Debug */ = {
			isa = XCBuildConfiguration;
			buildSettings = {
				PRODUCT_NAME = "WOTest + Tests";
			};
			name = Debug;
		};
		BCF8EE5E09AF3EA20095BCD2 /* Release */ = {
			isa = XCBuildConfiguration;
			buildSettings = {
				PRODUCT_NAME = "WOTest + Tests";
			};
			name = Release;
		};
		BCF8F0E409AF5D130095BCD2 /* Debug */ = {
			isa = XCBuildConfiguration;
			buildSettings = {
				PRODUCT_NAME = "WOTest + Tests";
			};
			name = Debug;
		};
		BCF8F0E509AF5D130095BCD2 /* Release */ = {
			isa = XCBuildConfiguration;
			buildSettings = {
				PRODUCT_NAME = "WOTest + Tests";
			};
			name = Release;
		};
/* End XCBuildConfiguration section */

/* Begin XCConfigurationList section */
		BC90BCA209AF9F6000AAF708 /* Build configuration list for PBXAggregateTarget "Update WOTest build number" */ = {
			isa = XCConfigurationList;
			buildConfigurations = (
				BC90BCA309AF9F6000AAF708 /* Debug */,
				BC90BCA409AF9F6000AAF708 /* Release */,
			);
			defaultConfigurationIsVisible = 0;
			defaultConfigurationName = Release;
		};
		BCA93DD30855D6B300FE8D18 /* Build configuration list for PBXNativeTarget "WOTest" */ = {
			isa = XCConfigurationList;
			buildConfigurations = (
				BCA93DD40855D6B300FE8D18 /* Debug */,
				BCA93DD50855D6B300FE8D18 /* Release */,
			);
			defaultConfigurationIsVisible = 0;
			defaultConfigurationName = Release;
		};
		BCA93DDB0855D6B300FE8D18 /* Build configuration list for PBXAggregateTarget "WOTest documentation" */ = {
			isa = XCConfigurationList;
			buildConfigurations = (
				BCA93DDC0855D6B300FE8D18 /* Debug */,
				BCA93DDD0855D6B300FE8D18 /* Release */,
			);
			defaultConfigurationIsVisible = 0;
			defaultConfigurationName = Release;
		};
		BCA93DDF0855D6B300FE8D18 /* Build configuration list for PBXNativeTarget "WOTestRunner" */ = {
			isa = XCConfigurationList;
			buildConfigurations = (
				BCA93DE00855D6B300FE8D18 /* Debug */,
				BCA93DE10855D6B300FE8D18 /* Release */,
			);
			defaultConfigurationIsVisible = 0;
			defaultConfigurationName = Release;
		};
		BCA93DE70855D6B300FE8D18 /* Build configuration list for PBXProject "WOTest" */ = {
			isa = XCConfigurationList;
			buildConfigurations = (
				BCA93DE80855D6B300FE8D18 /* Debug */,
				BCA93DE90855D6B300FE8D18 /* Release */,
			);
			defaultConfigurationIsVisible = 0;
			defaultConfigurationName = Release;
		};
		BCA9401C08566F4400FE8D18 /* Build configuration list for PBXNativeTarget "WOTestSelfTests" */ = {
			isa = XCConfigurationList;
			buildConfigurations = (
				BCA9401D08566F4400FE8D18 /* Debug */,
				BCA9401E08566F4400FE8D18 /* Release */,
			);
			defaultConfigurationIsVisible = 0;
			defaultConfigurationName = Release;
		};
		BCC4D44409D1AC4D00C350C8 /* Build configuration list for PBXAggregateTarget "Update WOTestRunner build number" */ = {
			isa = XCConfigurationList;
			buildConfigurations = (
				BCC4D44509D1AC4D00C350C8 /* Debug */,
				BCC4D44609D1AC4D00C350C8 /* Release */,
			);
			defaultConfigurationIsVisible = 0;
			defaultConfigurationName = Release;
		};
		BCD155CB0A96196E005B1950 /* Build configuration list for PBXAggregateTarget "Copy headers" */ = {
			isa = XCConfigurationList;
			buildConfigurations = (
				BCD155CC0A96196E005B1950 /* Debug */,
				BCD155CD0A96196E005B1950 /* Release */,
			);
			defaultConfigurationIsVisible = 0;
			defaultConfigurationName = Release;
		};
		BCF8EE5C09AF3EA20095BCD2 /* Build configuration list for PBXAggregateTarget "WOTest + Tests" */ = {
			isa = XCConfigurationList;
			buildConfigurations = (
				BCF8EE5D09AF3EA20095BCD2 /* Debug */,
				BCF8EE5E09AF3EA20095BCD2 /* Release */,
			);
			defaultConfigurationIsVisible = 0;
			defaultConfigurationName = Release;
		};
		BCF8F0E309AF5D130095BCD2 /* Build configuration list for PBXAggregateTarget "WOTest + Tests (run)" */ = {
			isa = XCConfigurationList;
			buildConfigurations = (
				BCF8F0E409AF5D130095BCD2 /* Debug */,
				BCF8F0E509AF5D130095BCD2 /* Release */,
			);
			defaultConfigurationIsVisible = 0;
			defaultConfigurationName = Release;
		};
/* End XCConfigurationList section */
	};
	rootObject = 0867D690FE84028FC02AAC07 /* Project object */;
}
